
Microsoft Visual Studio Solution File, Format Version 12.00
# Visual Studio Version 17
VisualStudioVersion = 17.7.34031.279
MinimumVisualStudioVersion = 10.0.40219.1
Project("{FAE04EC0-301F-11D3-BF4B-00C04F79EFBC}") = "DISAssignment_Problemsolving", "DISAssignment_Problemsolving\DISAssignment_Problemsolving.csproj", "{A13B825F-C1CE-4EC9-9AF8-5B3BD439DB2F}"
EndProject
Global
	GlobalSection(SolutionConfigurationPlatforms) = preSolution
		Debug|Any CPU = Debug|Any CPU
		Release|Any CPU = Release|Any CPU
	EndGlobalSection
	GlobalSection(ProjectConfigurationPlatforms) = postSolution
		{A13B825F-C1CE-4EC9-9AF8-5B3BD439DB2F}.Debug|Any CPU.ActiveCfg = Debug|Any CPU
		{A13B825F-C1CE-4EC9-9AF8-5B3BD439DB2F}.Debug|Any CPU.Build.0 = Debug|Any CPU
		{A13B825F-C1CE-4EC9-9AF8-5B3BD439DB2F}.Release|Any CPU.ActiveCfg = Release|Any CPU
		{A13B825F-C1CE-4EC9-9AF8-5B3BD439DB2F}.Release|Any CPU.Build.0 = Release|Any CPU
	EndGlobalSection
	GlobalSection(SolutionProperties) = preSolution
		HideSolutionNode = FALSE
	EndGlobalSection
	GlobalSection(ExtensibilityGlobals) = postSolution
		SolutionGuid = {6AF733B3-BCB7-4CA4-9728-BAB4B8F77E86}
	EndGlobalSection
EndGlobal
